{
  "name": "move",
  "version": "1.0.0",
  "lockfileVersion": 1,
  "requires": true,
  "dependencies": {
    "@types/luxon": {
      "version": "1.15.2",
      "resolved": "https://registry.npmjs.org/@types/luxon/-/luxon-1.15.2.tgz",
      "integrity": "sha512-zHPoyVrLvNaiMRYdhmh88Rn489ZgAgbc6iLxR5Yi0VCNfeNYHcszbhJV2vDHLNrVGy35BPtWBRn4OP2F9BBvFw==",
      "dev": true
    }
  }
}
